
Microsoft Visual Studio Solution File, Format Version 12.00
# Visual Studio Version 16
VisualStudioVersion = 16.0.32228.343
MinimumVisualStudioVersion = 10.0.40219.1
Project("{FAE04EC0-301F-11D3-BF4B-00C04F79EFBC}") = "ClinicUserManagementService", "ClinicUserManagementService.csproj", "{602EA017-BA2C-4F02-A4AD-F3B5401245EB}"
EndProject
Global
	GlobalSection(SolutionConfigurationPlatforms) = preSolution
		Debug|Any CPU = Debug|Any CPU
		Release|Any CPU = Release|Any CPU
	EndGlobalSection
	GlobalSection(ProjectConfigurationPlatforms) = postSolution
		{602EA017-BA2C-4F02-A4AD-F3B5401245EB}.Debug|Any CPU.ActiveCfg = Debug|Any CPU
		{602EA017-BA2C-4F02-A4AD-F3B5401245EB}.Debug|Any CPU.Build.0 = Debug|Any CPU
		{602EA017-BA2C-4F02-A4AD-F3B5401245EB}.Release|Any CPU.ActiveCfg = Release|Any CPU
		{602EA017-BA2C-4F02-A4AD-F3B5401245EB}.Release|Any CPU.Build.0 = Release|Any CPU
	EndGlobalSection
	GlobalSection(SolutionProperties) = preSolution
		HideSolutionNode = FALSE
	EndGlobalSection
	GlobalSection(ExtensibilityGlobals) = postSolution
		SolutionGuid = {AB6368E2-6549-4724-B980-40C9F776A29D}
	EndGlobalSection
EndGlobal
